
Microsoft Visual Studio Solution File, Format Version 12.00
# Visual Studio 15
VisualStudioVersion = 15.0.27703.2047
MinimumVisualStudioVersion = 10.0.40219.1
Project("{FAE04EC0-301F-11D3-BF4B-00C04F79EFBC}") = "RedisCache.Core", "RedisCache.Core\RedisCache.Core.csproj", "{014C293F-44F6-44FA-BD01-6622FD560474}"
EndProject
Project("{FAE04EC0-301F-11D3-BF4B-00C04F79EFBC}") = "RedisCache.Core.Tests", "RedisCache.Core.Tests\RedisCache.Core.Tests.csproj", "{C5D56ACB-38D1-460A-9A2A-40C5F42B6E4C}"
EndProject
Project("{FAE04EC0-301F-11D3-BF4B-00C04F79EFBC}") = "RedisCache.Core.Example", "RedisCache.Core.Example\RedisCache.Core.Example.csproj", "{6D008C53-32EE-4605-B358-2203EAB38A9A}"
EndProject
Global
	GlobalSection(SolutionConfigurationPlatforms) = preSolution
		Debug|Any CPU = Debug|Any CPU
		Release|Any CPU = Release|Any CPU
	EndGlobalSection
	GlobalSection(ProjectConfigurationPlatforms) = postSolution
		{014C293F-44F6-44FA-BD01-6622FD560474}.Debug|Any CPU.ActiveCfg = Debug|Any CPU
		{014C293F-44F6-44FA-BD01-6622FD560474}.Debug|Any CPU.Build.0 = Debug|Any CPU
		{014C293F-44F6-44FA-BD01-6622FD560474}.Release|Any CPU.ActiveCfg = Release|Any CPU
		{014C293F-44F6-44FA-BD01-6622FD560474}.Release|Any CPU.Build.0 = Release|Any CPU
		{C5D56ACB-38D1-460A-9A2A-40C5F42B6E4C}.Debug|Any CPU.ActiveCfg = Debug|Any CPU
		{C5D56ACB-38D1-460A-9A2A-40C5F42B6E4C}.Debug|Any CPU.Build.0 = Debug|Any CPU
		{C5D56ACB-38D1-460A-9A2A-40C5F42B6E4C}.Release|Any CPU.ActiveCfg = Release|Any CPU
		{C5D56ACB-38D1-460A-9A2A-40C5F42B6E4C}.Release|Any CPU.Build.0 = Release|Any CPU
		{6D008C53-32EE-4605-B358-2203EAB38A9A}.Debug|Any CPU.ActiveCfg = Debug|Any CPU
		{6D008C53-32EE-4605-B358-2203EAB38A9A}.Debug|Any CPU.Build.0 = Debug|Any CPU
		{6D008C53-32EE-4605-B358-2203EAB38A9A}.Release|Any CPU.ActiveCfg = Release|Any CPU
		{6D008C53-32EE-4605-B358-2203EAB38A9A}.Release|Any CPU.Build.0 = Release|Any CPU
	EndGlobalSection
	GlobalSection(SolutionProperties) = preSolution
		HideSolutionNode = FALSE
	EndGlobalSection
	GlobalSection(ExtensibilityGlobals) = postSolution
		SolutionGuid = {6E386388-B782-46E0-87CE-1BC480DE2DBF}
	EndGlobalSection
EndGlobal
